
Microsoft Visual Studio Solution File, Format Version 12.00
# Visual Studio Version 17
VisualStudioVersion = 17.0.31903.59
MinimumVisualStudioVersion = 10.0.40219.1
Project("{9A19103F-16F7-4668-BE54-9A1E7A4F7556}") = "MarkDown.BFF", "BFF\MarkDown.BFF\MarkDown.BFF.csproj", "{B62EEE13-5CAE-45DE-957E-C910D8BB2590}"
EndProject
Project("{9A19103F-16F7-4668-BE54-9A1E7A4F7556}") = "MarkDown.Application", "BFF\MarkDown.Application\MarkDown.Application.csproj", "{8B16FA68-9608-4B87-9DE6-CA29BA7EDF9F}"
EndProject
Project("{9A19103F-16F7-4668-BE54-9A1E7A4F7556}") = "MarkDown.Domain", "BFF\MarkDown.Domain\MarkDown.Domain.csproj", "{930B64A9-5CA9-4988-909C-87AE38534573}"
EndProject
Project("{9A19103F-16F7-4668-BE54-9A1E7A4F7556}") = "MarkDown.Infrastructure", "BFF\MarkDown.Infrastructure\MarkDown.Infrastructure.csproj", "{98437127-24CE-4BB4-AD80-B906B4A067CD}"
EndProject
Project("{FAE04EC0-301F-11D3-BF4B-00C04F79EFBC}") = "MarkDown.Tests", "BFF\MarkDown.Tests\MarkDown.Tests.csproj", "{AA60E4F3-FFAC-4E9A-A125-9DD53BEEA150}"
EndProject
Global
	GlobalSection(SolutionConfigurationPlatforms) = preSolution
		Debug|Any CPU = Debug|Any CPU
		Release|Any CPU = Release|Any CPU
	EndGlobalSection
	GlobalSection(ProjectConfigurationPlatforms) = postSolution
		{B62EEE13-5CAE-45DE-957E-C910D8BB2590}.Debug|Any CPU.ActiveCfg = Debug|Any CPU
		{B62EEE13-5CAE-45DE-957E-C910D8BB2590}.Debug|Any CPU.Build.0 = Debug|Any CPU
		{B62EEE13-5CAE-45DE-957E-C910D8BB2590}.Release|Any CPU.ActiveCfg = Release|Any CPU
		{B62EEE13-5CAE-45DE-957E-C910D8BB2590}.Release|Any CPU.Build.0 = Release|Any CPU
		{8B16FA68-9608-4B87-9DE6-CA29BA7EDF9F}.Debug|Any CPU.ActiveCfg = Debug|Any CPU
		{8B16FA68-9608-4B87-9DE6-CA29BA7EDF9F}.Debug|Any CPU.Build.0 = Debug|Any CPU
		{8B16FA68-9608-4B87-9DE6-CA29BA7EDF9F}.Release|Any CPU.ActiveCfg = Release|Any CPU
		{8B16FA68-9608-4B87-9DE6-CA29BA7EDF9F}.Release|Any CPU.Build.0 = Release|Any CPU
		{930B64A9-5CA9-4988-909C-87AE38534573}.Debug|Any CPU.ActiveCfg = Debug|Any CPU
		{930B64A9-5CA9-4988-909C-87AE38534573}.Debug|Any CPU.Build.0 = Debug|Any CPU
		{930B64A9-5CA9-4988-909C-87AE38534573}.Release|Any CPU.ActiveCfg = Release|Any CPU
		{930B64A9-5CA9-4988-909C-87AE38534573}.Release|Any CPU.Build.0 = Release|Any CPU
		{98437127-24CE-4BB4-AD80-B906B4A067CD}.Debug|Any CPU.ActiveCfg = Debug|Any CPU
		{98437127-24CE-4BB4-AD80-B906B4A067CD}.Debug|Any CPU.Build.0 = Debug|Any CPU
		{98437127-24CE-4BB4-AD80-B906B4A067CD}.Release|Any CPU.ActiveCfg = Release|Any CPU
		{98437127-24CE-4BB4-AD80-B906B4A067CD}.Release|Any CPU.Build.0 = Release|Any CPU
		{AA60E4F3-FFAC-4E9A-A125-9DD53BEEA150}.Debug|Any CPU.ActiveCfg = Debug|Any CPU
		{AA60E4F3-FFAC-4E9A-A125-9DD53BEEA150}.Debug|Any CPU.Build.0 = Debug|Any CPU
		{AA60E4F3-FFAC-4E9A-A125-9DD53BEEA150}.Release|Any CPU.ActiveCfg = Release|Any CPU
		{AA60E4F3-FFAC-4E9A-A125-9DD53BEEA150}.Release|Any CPU.Build.0 = Release|Any CPU
	EndGlobalSection
	GlobalSection(SolutionProperties) = preSolution
		HideSolutionNode = FALSE
	EndGlobalSection
	GlobalSection(ExtensibilityGlobals) = postSolution
		SolutionGuid = {747E1831-13D8-49F3-A1E9-50AC4DB6F8D9}
	EndGlobalSection
EndGlobal
